
Microsoft Visual Studio Solution File, Format Version 12.00
# Visual Studio Version 16
VisualStudioVersion = 16.0.31025.194
MinimumVisualStudioVersion = 10.0.40219.1
Project("{FAE04EC0-301F-11D3-BF4B-00C04F79EFBC}") = "ClassMetotDemo", "ClassMetotDemo\ClassMetotDemo.csproj", "{33515024-1706-4B3D-A6BD-31E0762A9F14}"
EndProject
Global
	GlobalSection(SolutionConfigurationPlatforms) = preSolution
		Debug|Any CPU = Debug|Any CPU
		Release|Any CPU = Release|Any CPU
	EndGlobalSection
	GlobalSection(ProjectConfigurationPlatforms) = postSolution
		{33515024-1706-4B3D-A6BD-31E0762A9F14}.Debug|Any CPU.ActiveCfg = Debug|Any CPU
		{33515024-1706-4B3D-A6BD-31E0762A9F14}.Debug|Any CPU.Build.0 = Debug|Any CPU
		{33515024-1706-4B3D-A6BD-31E0762A9F14}.Release|Any CPU.ActiveCfg = Release|Any CPU
		{33515024-1706-4B3D-A6BD-31E0762A9F14}.Release|Any CPU.Build.0 = Release|Any CPU
	EndGlobalSection
	GlobalSection(SolutionProperties) = preSolution
		HideSolutionNode = FALSE
	EndGlobalSection
	GlobalSection(ExtensibilityGlobals) = postSolution
		SolutionGuid = {6ADD2629-6BCF-48DC-A022-855425BE0777}
	EndGlobalSection
EndGlobal
